<?xml version="1.0" encoding="utf-8"?>
<Project ToolsVersion="4.0" xmlns="http://schemas.microsoft.com/developer/msbuild/2003">
  <ItemGroup>
    <Filter Include="Source Files">
      <UniqueIdentifier>{4FC737F1-C7A5-4376-A066-2A32D752A2FF}</UniqueIdentifier>
      <Extensions>cpp;c;cc;cxx;def;odl;idl;hpj;bat;asm;asmx</Extensions>
    </Filter>
    <Filter Include="Header Files">
      <UniqueIdentifier>{93995380-89BD-4b04-88EB-625FBE52EBFB}</UniqueIdentifier>
      <Extensions>h;hh;hpp;hxx;hm;inl;inc;xsd</Extensions>
    </Filter>
    <Filter Include="Resource Files">
      <UniqueIdentifier>{67DA6AB6-F800-4c08-8B7A-83BB121AAD01}</UniqueIdentifier>
      <Extensions>rc;ico;cur;bmp;dlg;rc2;rct;bin;rgs;gif;jpg;jpeg;jpe;resx;tiff;tif;png;wav;mfcribbon-ms</Extensions>
    </Filter>
    <Filter Include="Shaders">
      <UniqueIdentifier>{f31fe7ff-8d80-47ab-a378-c75b9131f10b}</UniqueIdentifier>
    </Filter>
    <Filter Include="Header Files\Objects">
      <UniqueIdentifier>{77d07f08-a6c0-41ed-b780-98c16d15b273}</UniqueIdentifier>
    </Filter>
    <Filter Include="Header Files\Lights">
      <UniqueIdentifier>{43e23f50-2c00-402a-94b1-24b82a7ac05a}</UniqueIdentifier>
    </Filter>
    <Filter Include="Header Files\Rendering">
      <UniqueIdentifier>{5d0656fa-9314-48d3-9a07-4b0aa73b98eb}</UniqueIdentifier>
    </Filter>
    <Filter Include="Source Files\Rendering">
      <UniqueIdentifier>{fea28206-91f9-4fd8-8bd9-c4c63bd22478}</UniqueIdentifier>
    </Filter>
    <Filter Include="Source Files\Lights">
      <UniqueIdentifier>{126f4537-95d7-4dcd-8a03-e45247b74cba}</UniqueIdentifier>
    </Filter>
    <Filter Include="Source Files\Objects">
      <UniqueIdentifier>{a09f246f-6c6b-4d68-a6f3-2e0a4ac7cdf7}</UniqueIdentifier>
    </Filter>
    <Filter Include="Header Files\HUD">
      <UniqueIdentifier>{24c04a4c-326e-4dcf-a794-000cd715a814}</UniqueIdentifier>
    </Filter>
    <Filter Include="Source Files\HUD">
      <UniqueIdentifier>{05ad07de-563f-417d-ac79-01fbff059f2a}</UniqueIdentifier>
    </Filter>
    <Filter Include="Header Files\kdTree">
      <UniqueIdentifier>{6e30fc69-5435-443f-a170-f2afd7db9838}</UniqueIdentifier>
    </Filter>
    <Filter Include="Source Files\kdTree">
      <UniqueIdentifier>{5fe467c7-dbf8-47fd-9ecf-3738703f5f5c}</UniqueIdentifier>
    </Filter>
    <Filter Include="Header Files\Utilities">
      <UniqueIdentifier>{f51a836e-122d-4e51-9642-40025b716676}</UniqueIdentifier>
    </Filter>
    <Filter Include="Source Files\Utilities">
      <UniqueIdentifier>{6f7f8cd9-bb12-43ad-8eeb-f2af73008877}</UniqueIdentifier>
    </Filter>
  </ItemGroup>
  <ItemGroup>
    <ClCompile Include="main.cpp">
      <Filter>Source Files</Filter>
    </ClCompile>
    <ClCompile Include="Engine.cpp">
      <Filter>Source Files</Filter>
    </ClCompile>
    <ClCompile Include="Scene.cpp">
      <Filter>Source Files</Filter>
    </ClCompile>
    <ClCompile Include="CameraPath.cpp">
      <Filter>Source Files</Filter>
    </ClCompile>
    <ClCompile Include="Light.cpp">
      <Filter>Source Files\Lights</Filter>
    </ClCompile>
    <ClCompile Include="DirectionalLight.cpp">
      <Filter>Source Files\Lights</Filter>
    </ClCompile>
    <ClCompile Include="PointLight.cpp">
      <Filter>Source Files\Lights</Filter>
    </ClCompile>
    <ClCompile Include="SpotLight.cpp">
      <Filter>Source Files\Lights</Filter>
    </ClCompile>
    <ClCompile Include="BaseObject.cpp">
      <Filter>Source Files\Objects</Filter>
    </ClCompile>
    <ClCompile Include="Box.cpp">
      <Filter>Source Files\Objects</Filter>
    </ClCompile>
    <ClCompile Include="Shader.cpp">
      <Filter>Source Files\Rendering</Filter>
    </ClCompile>
    <ClCompile Include="Texture.cpp">
      <Filter>Source Files\Rendering</Filter>
    </ClCompile>
    <ClCompile Include="Triangle.cpp">
      <Filter>Source Files\Rendering</Filter>
    </ClCompile>
    <ClCompile Include="Vertex.cpp">
      <Filter>Source Files\Rendering</Filter>
    </ClCompile>
    <ClCompile Include="Camera.cpp">
      <Filter>Source Files\Objects</Filter>
    </ClCompile>
    <ClCompile Include="Text.cpp">
      <Filter>Source Files\HUD</Filter>
    </ClCompile>
    <ClCompile Include="Font.cpp">
      <Filter>Source Files\HUD</Filter>
    </ClCompile>
    <ClCompile Include="Hud.cpp">
      <Filter>Source Files\HUD</Filter>
    </ClCompile>
    <ClCompile Include="Model.cpp">
      <Filter>Source Files\Objects</Filter>
    </ClCompile>
    <ClCompile Include="Plane.cpp">
      <Filter>Source Files\Objects</Filter>
    </ClCompile>
    <ClCompile Include="BoundingBox.cpp">
      <Filter>Source Files\kdTree</Filter>
    </ClCompile>
    <ClCompile Include="KdNode.cpp">
      <Filter>Source Files\kdTree</Filter>
    </ClCompile>
    <ClCompile Include="Ray.cpp">
      <Filter>Source Files\kdTree</Filter>
    </ClCompile>
    <ClCompile Include="KdPrimitive.cpp">
      <Filter>Source Files\kdTree</Filter>
    </ClCompile>
    <ClCompile Include="MeasuringTool.cpp">
      <Filter>Source Files\HUD</Filter>
    </ClCompile>
    <ClCompile Include="Delegate.cpp">
      <Filter>Source Files\Utilities</Filter>
    </ClCompile>
    <ClCompile Include="FileWatcher.cpp">
      <Filter>Source Files\Utilities</Filter>
    </ClCompile>
    <ClCompile Include="ProcedualGenerator.cpp">
      <Filter>Source Files</Filter>
    </ClCompile>
    <ClCompile Include="Timer.cpp">
      <Filter>Source Files</Filter>
    </ClCompile>
    <ClCompile Include="GpuLookupTable.cpp">
      <Filter>Source Files</Filter>
    </ClCompile>
    <ClCompile Include="NoiseTexture.cpp">
      <Filter>Source Files</Filter>
    </ClCompile>
  </ItemGroup>
  <ItemGroup>
    <ClInclude Include="Engine.h">
      <Filter>Header Files</Filter>
    </ClInclude>
    <ClInclude Include="Scene.h">
      <Filter>Header Files</Filter>
    </ClInclude>
    <ClInclude Include="CameraPath.h">
      <Filter>Header Files</Filter>
    </ClInclude>
    <ClInclude Include="BaseObject.h">
      <Filter>Header Files\Objects</Filter>
    </ClInclude>
    <ClInclude Include="Box.h">
      <Filter>Header Files\Objects</Filter>
    </ClInclude>
    <ClInclude Include="PointLight.h">
      <Filter>Header Files\Lights</Filter>
    </ClInclude>
    <ClInclude Include="SpotLight.h">
      <Filter>Header Files\Lights</Filter>
    </ClInclude>
    <ClInclude Include="DirectionalLight.h">
      <Filter>Header Files\Lights</Filter>
    </ClInclude>
    <ClInclude Include="Light.h">
      <Filter>Header Files\Lights</Filter>
    </ClInclude>
    <ClInclude Include="Vertex.h">
      <Filter>Header Files\Rendering</Filter>
    </ClInclude>
    <ClInclude Include="Triangle.h">
      <Filter>Header Files\Rendering</Filter>
    </ClInclude>
    <ClInclude Include="Texture.h">
      <Filter>Header Files\Rendering</Filter>
    </ClInclude>
    <ClInclude Include="Shader.h">
      <Filter>Header Files\Rendering</Filter>
    </ClInclude>
    <ClInclude Include="Camera.h">
      <Filter>Header Files\Objects</Filter>
    </ClInclude>
    <ClInclude Include="Text.h">
      <Filter>Header Files\HUD</Filter>
    </ClInclude>
    <ClInclude Include="Font.h">
      <Filter>Header Files\HUD</Filter>
    </ClInclude>
    <ClInclude Include="Character.h">
      <Filter>Header Files\HUD</Filter>
    </ClInclude>
    <ClInclude Include="Hud.h">
      <Filter>Header Files\HUD</Filter>
    </ClInclude>
    <ClInclude Include="Model.h">
      <Filter>Header Files\Objects</Filter>
    </ClInclude>
    <ClInclude Include="Plane.h">
      <Filter>Header Files\Objects</Filter>
    </ClInclude>
    <ClInclude Include="shaders\ShaderEnums.h">
      <Filter>Shaders</Filter>
    </ClInclude>
    <ClInclude Include="BoundingBox.h">
      <Filter>Header Files\kdTree</Filter>
    </ClInclude>
    <ClInclude Include="HitResult.h">
      <Filter>Header Files\kdTree</Filter>
    </ClInclude>
    <ClInclude Include="KdNode.h">
      <Filter>Header Files\kdTree</Filter>
    </ClInclude>
    <ClInclude Include="Ray.h">
      <Filter>Header Files\kdTree</Filter>
    </ClInclude>
    <ClInclude Include="KdPrimitive.h">
      <Filter>Header Files\kdTree</Filter>
    </ClInclude>
    <ClInclude Include="MeasuringTool.h">
      <Filter>Header Files\kdTree</Filter>
    </ClInclude>
    <ClInclude Include="Delegate.h">
      <Filter>Header Files\Utilities</Filter>
    </ClInclude>
    <ClInclude Include="FileWatcher.h">
      <Filter>Header Files\Utilities</Filter>
    </ClInclude>
    <ClInclude Include="Enums.h">
      <Filter>Header Files\Utilities</Filter>
    </ClInclude>
    <ClInclude Include="AntiAliasingInfo.h">
      <Filter>Header Files\Utilities</Filter>
    </ClInclude>
    <ClInclude Include="RenderInfo.h">
      <Filter>Header Files\Utilities</Filter>
    </ClInclude>
    <ClInclude Include="UpdateInfo.h">
      <Filter>Header Files\Utilities</Filter>
    </ClInclude>
    <ClInclude Include="Global.h">
      <Filter>Header Files\Utilities</Filter>
    </ClInclude>
    <ClInclude Include="ProcedualGenerator.h">
      <Filter>Header Files</Filter>
    </ClInclude>
    <ClInclude Include="Timer.h">
      <Filter>Header Files</Filter>
    </ClInclude>
    <ClInclude Include="GpuLookupTable.h">
      <Filter>Header Files</Filter>
    </ClInclude>
    <ClInclude Include="NoiseTexture.h">
      <Filter>Header Files</Filter>
    </ClInclude>
  </ItemGroup>
  <ItemGroup>
    <None Include="shaders\default.vert">
      <Filter>Shaders</Filter>
    </None>
    <None Include="shaders\DirectionalLight.frag">
      <Filter>Shaders</Filter>
    </None>
    <None Include="shaders\DirectionalLight.vert">
      <Filter>Shaders</Filter>
    </None>
    <None Include="shaders\PointLight.frag">
      <Filter>Shaders</Filter>
    </None>
    <None Include="shaders\PointLight.geom">
      <Filter>Shaders</Filter>
    </None>
    <None Include="shaders\PointLight.vert">
      <Filter>Shaders</Filter>
    </None>
    <None Include="shaders\default.frag">
      <Filter>Shaders</Filter>
    </None>
    <None Include="shaders\Text.frag">
      <Filter>Shaders</Filter>
    </None>
    <None Include="shaders\Text.vert">
      <Filter>Shaders</Filter>
    </None>
    <None Include="shaders\MarchingCubes.geom">
      <Filter>Shaders</Filter>
    </None>
    <None Include="shaders\MarchingCubes.vert">
      <Filter>Shaders</Filter>
    </None>
    <None Include="shaders\MarchingCubes.frag">
      <Filter>Shaders</Filter>
    </None>
    <None Include="CopyAssets.bat">
      <Filter>Resource Files</Filter>
    </None>
    <None Include="shaders\MarchingCubes.glsl">
      <Filter>Shaders</Filter>
    </None>
    <None Include="shaders\Test.geom">
      <Filter>Shaders</Filter>
    </None>
    <None Include="shaders\Test.vert">
      <Filter>Shaders</Filter>
    </None>
  </ItemGroup>
</Project>